
Microsoft Visual Studio Solution File, Format Version 12.00
# Visual Studio Version 17
VisualStudioVersion = 17.8.34511.84
MinimumVisualStudioVersion = 10.0.40219.1
Project("{FAE04EC0-301F-11D3-BF4B-00C04F79EFBC}") = "LarionProject_BE", "LarionProject_BE\LarionProject_BE.csproj", "{1FEB5A41-FC3E-412C-A785-4271229E8484}"
EndProject
Project("{FAE04EC0-301F-11D3-BF4B-00C04F79EFBC}") = "Models", "Models\Models.csproj", "{5E5935B3-2FC4-4AD5-A3EE-1819A3B82634}"
EndProject
Project("{FAE04EC0-301F-11D3-BF4B-00C04F79EFBC}") = "Services", "Services\Services.csproj", "{7375E666-944F-4036-9D2E-B1410153A9F2}"
EndProject
Project("{FAE04EC0-301F-11D3-BF4B-00C04F79EFBC}") = "Settings", "Settings\Settings.csproj", "{1E2277F4-43E7-4A6E-983A-742641EA7077}"
EndProject
Global
	GlobalSection(SolutionConfigurationPlatforms) = preSolution
		Debug|Any CPU = Debug|Any CPU
		Release|Any CPU = Release|Any CPU
	EndGlobalSection
	GlobalSection(ProjectConfigurationPlatforms) = postSolution
		{1FEB5A41-FC3E-412C-A785-4271229E8484}.Debug|Any CPU.ActiveCfg = Debug|Any CPU
		{1FEB5A41-FC3E-412C-A785-4271229E8484}.Debug|Any CPU.Build.0 = Debug|Any CPU
		{1FEB5A41-FC3E-412C-A785-4271229E8484}.Release|Any CPU.ActiveCfg = Release|Any CPU
		{1FEB5A41-FC3E-412C-A785-4271229E8484}.Release|Any CPU.Build.0 = Release|Any CPU
		{5E5935B3-2FC4-4AD5-A3EE-1819A3B82634}.Debug|Any CPU.ActiveCfg = Debug|Any CPU
		{5E5935B3-2FC4-4AD5-A3EE-1819A3B82634}.Debug|Any CPU.Build.0 = Debug|Any CPU
		{5E5935B3-2FC4-4AD5-A3EE-1819A3B82634}.Release|Any CPU.ActiveCfg = Release|Any CPU
		{5E5935B3-2FC4-4AD5-A3EE-1819A3B82634}.Release|Any CPU.Build.0 = Release|Any CPU
		{7375E666-944F-4036-9D2E-B1410153A9F2}.Debug|Any CPU.ActiveCfg = Debug|Any CPU
		{7375E666-944F-4036-9D2E-B1410153A9F2}.Debug|Any CPU.Build.0 = Debug|Any CPU
		{7375E666-944F-4036-9D2E-B1410153A9F2}.Release|Any CPU.ActiveCfg = Release|Any CPU
		{7375E666-944F-4036-9D2E-B1410153A9F2}.Release|Any CPU.Build.0 = Release|Any CPU
		{1E2277F4-43E7-4A6E-983A-742641EA7077}.Debug|Any CPU.ActiveCfg = Debug|Any CPU
		{1E2277F4-43E7-4A6E-983A-742641EA7077}.Debug|Any CPU.Build.0 = Debug|Any CPU
		{1E2277F4-43E7-4A6E-983A-742641EA7077}.Release|Any CPU.ActiveCfg = Release|Any CPU
		{1E2277F4-43E7-4A6E-983A-742641EA7077}.Release|Any CPU.Build.0 = Release|Any CPU
	EndGlobalSection
	GlobalSection(SolutionProperties) = preSolution
		HideSolutionNode = FALSE
	EndGlobalSection
	GlobalSection(ExtensibilityGlobals) = postSolution
		SolutionGuid = {9B5629A1-B103-4D22-9099-E14745CDE046}
	EndGlobalSection
EndGlobal
